
Microsoft Visual Studio Solution File, Format Version 12.00
# Visual Studio Version 17
VisualStudioVersion = 17.5.33424.131
MinimumVisualStudioVersion = 10.0.40219.1
Project("{FAE04EC0-301F-11D3-BF4B-00C04F79EFBC}") = "BooksApi", "BooksApi.csproj", "{8E742FE7-FE90-455A-A19F-46685B8B3F91}"
EndProject
Project("{FAE04EC0-301F-11D3-BF4B-00C04F79EFBC}") = "BooksDto", "..\BooksDto\BooksDto.csproj", "{76E5BD12-48E7-41E6-95C2-A24008369EDD}"
EndProject
Project("{FAE04EC0-301F-11D3-BF4B-00C04F79EFBC}") = "BooksBusiness", "..\BooksBusiness\BooksBusiness.csproj", "{9C762020-F592-46FD-A546-DDCEDBA45A9E}"
EndProject
Project("{FAE04EC0-301F-11D3-BF4B-00C04F79EFBC}") = "BooksApiTest", "..\BooksApiTest\BooksApiTest.csproj", "{F4FD3B16-AC86-41E0-A905-3A0768E84D60}"
EndProject
Global
	GlobalSection(SolutionConfigurationPlatforms) = preSolution
		Debug|Any CPU = Debug|Any CPU
		Debug|ARM = Debug|ARM
		Debug|ARM64 = Debug|ARM64
		Debug|x64 = Debug|x64
		Debug|x86 = Debug|x86
		Release|Any CPU = Release|Any CPU
		Release|ARM = Release|ARM
		Release|ARM64 = Release|ARM64
		Release|x64 = Release|x64
		Release|x86 = Release|x86
	EndGlobalSection
	GlobalSection(ProjectConfigurationPlatforms) = postSolution
		{8E742FE7-FE90-455A-A19F-46685B8B3F91}.Debug|Any CPU.ActiveCfg = Debug|Any CPU
		{8E742FE7-FE90-455A-A19F-46685B8B3F91}.Debug|Any CPU.Build.0 = Debug|Any CPU
		{8E742FE7-FE90-455A-A19F-46685B8B3F91}.Debug|ARM.ActiveCfg = Debug|Any CPU
		{8E742FE7-FE90-455A-A19F-46685B8B3F91}.Debug|ARM.Build.0 = Debug|Any CPU
		{8E742FE7-FE90-455A-A19F-46685B8B3F91}.Debug|ARM64.ActiveCfg = Debug|Any CPU
		{8E742FE7-FE90-455A-A19F-46685B8B3F91}.Debug|ARM64.Build.0 = Debug|Any CPU
		{8E742FE7-FE90-455A-A19F-46685B8B3F91}.Debug|x64.ActiveCfg = Debug|Any CPU
		{8E742FE7-FE90-455A-A19F-46685B8B3F91}.Debug|x64.Build.0 = Debug|Any CPU
		{8E742FE7-FE90-455A-A19F-46685B8B3F91}.Debug|x86.ActiveCfg = Debug|Any CPU
		{8E742FE7-FE90-455A-A19F-46685B8B3F91}.Debug|x86.Build.0 = Debug|Any CPU
		{8E742FE7-FE90-455A-A19F-46685B8B3F91}.Release|Any CPU.ActiveCfg = Release|Any CPU
		{8E742FE7-FE90-455A-A19F-46685B8B3F91}.Release|Any CPU.Build.0 = Release|Any CPU
		{8E742FE7-FE90-455A-A19F-46685B8B3F91}.Release|ARM.ActiveCfg = Release|Any CPU
		{8E742FE7-FE90-455A-A19F-46685B8B3F91}.Release|ARM.Build.0 = Release|Any CPU
		{8E742FE7-FE90-455A-A19F-46685B8B3F91}.Release|ARM64.ActiveCfg = Release|Any CPU
		{8E742FE7-FE90-455A-A19F-46685B8B3F91}.Release|ARM64.Build.0 = Release|Any CPU
		{8E742FE7-FE90-455A-A19F-46685B8B3F91}.Release|x64.ActiveCfg = Release|Any CPU
		{8E742FE7-FE90-455A-A19F-46685B8B3F91}.Release|x64.Build.0 = Release|Any CPU
		{8E742FE7-FE90-455A-A19F-46685B8B3F91}.Release|x86.ActiveCfg = Release|Any CPU
		{8E742FE7-FE90-455A-A19F-46685B8B3F91}.Release|x86.Build.0 = Release|Any CPU
		{76E5BD12-48E7-41E6-95C2-A24008369EDD}.Debug|Any CPU.ActiveCfg = Debug|Any CPU
		{76E5BD12-48E7-41E6-95C2-A24008369EDD}.Debug|Any CPU.Build.0 = Debug|Any CPU
		{76E5BD12-48E7-41E6-95C2-A24008369EDD}.Debug|ARM.ActiveCfg = Debug|Any CPU
		{76E5BD12-48E7-41E6-95C2-A24008369EDD}.Debug|ARM.Build.0 = Debug|Any CPU
		{76E5BD12-48E7-41E6-95C2-A24008369EDD}.Debug|ARM64.ActiveCfg = Debug|Any CPU
		{76E5BD12-48E7-41E6-95C2-A24008369EDD}.Debug|ARM64.Build.0 = Debug|Any CPU
		{76E5BD12-48E7-41E6-95C2-A24008369EDD}.Debug|x64.ActiveCfg = Debug|Any CPU
		{76E5BD12-48E7-41E6-95C2-A24008369EDD}.Debug|x64.Build.0 = Debug|Any CPU
		{76E5BD12-48E7-41E6-95C2-A24008369EDD}.Debug|x86.ActiveCfg = Debug|Any CPU
		{76E5BD12-48E7-41E6-95C2-A24008369EDD}.Debug|x86.Build.0 = Debug|Any CPU
		{76E5BD12-48E7-41E6-95C2-A24008369EDD}.Release|Any CPU.ActiveCfg = Release|Any CPU
		{76E5BD12-48E7-41E6-95C2-A24008369EDD}.Release|Any CPU.Build.0 = Release|Any CPU
		{76E5BD12-48E7-41E6-95C2-A24008369EDD}.Release|ARM.ActiveCfg = Release|Any CPU
		{76E5BD12-48E7-41E6-95C2-A24008369EDD}.Release|ARM.Build.0 = Release|Any CPU
		{76E5BD12-48E7-41E6-95C2-A24008369EDD}.Release|ARM64.ActiveCfg = Release|Any CPU
		{76E5BD12-48E7-41E6-95C2-A24008369EDD}.Release|ARM64.Build.0 = Release|Any CPU
		{76E5BD12-48E7-41E6-95C2-A24008369EDD}.Release|x64.ActiveCfg = Release|Any CPU
		{76E5BD12-48E7-41E6-95C2-A24008369EDD}.Release|x64.Build.0 = Release|Any CPU
		{76E5BD12-48E7-41E6-95C2-A24008369EDD}.Release|x86.ActiveCfg = Release|Any CPU
		{76E5BD12-48E7-41E6-95C2-A24008369EDD}.Release|x86.Build.0 = Release|Any CPU
		{9C762020-F592-46FD-A546-DDCEDBA45A9E}.Debug|Any CPU.ActiveCfg = Debug|Any CPU
		{9C762020-F592-46FD-A546-DDCEDBA45A9E}.Debug|Any CPU.Build.0 = Debug|Any CPU
		{9C762020-F592-46FD-A546-DDCEDBA45A9E}.Debug|ARM.ActiveCfg = Debug|Any CPU
		{9C762020-F592-46FD-A546-DDCEDBA45A9E}.Debug|ARM.Build.0 = Debug|Any CPU
		{9C762020-F592-46FD-A546-DDCEDBA45A9E}.Debug|ARM64.ActiveCfg = Debug|Any CPU
		{9C762020-F592-46FD-A546-DDCEDBA45A9E}.Debug|ARM64.Build.0 = Debug|Any CPU
		{9C762020-F592-46FD-A546-DDCEDBA45A9E}.Debug|x64.ActiveCfg = Debug|Any CPU
		{9C762020-F592-46FD-A546-DDCEDBA45A9E}.Debug|x64.Build.0 = Debug|Any CPU
		{9C762020-F592-46FD-A546-DDCEDBA45A9E}.Debug|x86.ActiveCfg = Debug|Any CPU
		{9C762020-F592-46FD-A546-DDCEDBA45A9E}.Debug|x86.Build.0 = Debug|Any CPU
		{9C762020-F592-46FD-A546-DDCEDBA45A9E}.Release|Any CPU.ActiveCfg = Release|Any CPU
		{9C762020-F592-46FD-A546-DDCEDBA45A9E}.Release|Any CPU.Build.0 = Release|Any CPU
		{9C762020-F592-46FD-A546-DDCEDBA45A9E}.Release|ARM.ActiveCfg = Release|Any CPU
		{9C762020-F592-46FD-A546-DDCEDBA45A9E}.Release|ARM.Build.0 = Release|Any CPU
		{9C762020-F592-46FD-A546-DDCEDBA45A9E}.Release|ARM64.ActiveCfg = Release|Any CPU
		{9C762020-F592-46FD-A546-DDCEDBA45A9E}.Release|ARM64.Build.0 = Release|Any CPU
		{9C762020-F592-46FD-A546-DDCEDBA45A9E}.Release|x64.ActiveCfg = Release|Any CPU
		{9C762020-F592-46FD-A546-DDCEDBA45A9E}.Release|x64.Build.0 = Release|Any CPU
		{9C762020-F592-46FD-A546-DDCEDBA45A9E}.Release|x86.ActiveCfg = Release|Any CPU
		{9C762020-F592-46FD-A546-DDCEDBA45A9E}.Release|x86.Build.0 = Release|Any CPU
		{F4FD3B16-AC86-41E0-A905-3A0768E84D60}.Debug|Any CPU.ActiveCfg = Debug|Any CPU
		{F4FD3B16-AC86-41E0-A905-3A0768E84D60}.Debug|Any CPU.Build.0 = Debug|Any CPU
		{F4FD3B16-AC86-41E0-A905-3A0768E84D60}.Debug|ARM.ActiveCfg = Debug|Any CPU
		{F4FD3B16-AC86-41E0-A905-3A0768E84D60}.Debug|ARM.Build.0 = Debug|Any CPU
		{F4FD3B16-AC86-41E0-A905-3A0768E84D60}.Debug|ARM64.ActiveCfg = Debug|Any CPU
		{F4FD3B16-AC86-41E0-A905-3A0768E84D60}.Debug|ARM64.Build.0 = Debug|Any CPU
		{F4FD3B16-AC86-41E0-A905-3A0768E84D60}.Debug|x64.ActiveCfg = Debug|Any CPU
		{F4FD3B16-AC86-41E0-A905-3A0768E84D60}.Debug|x64.Build.0 = Debug|Any CPU
		{F4FD3B16-AC86-41E0-A905-3A0768E84D60}.Debug|x86.ActiveCfg = Debug|Any CPU
		{F4FD3B16-AC86-41E0-A905-3A0768E84D60}.Debug|x86.Build.0 = Debug|Any CPU
		{F4FD3B16-AC86-41E0-A905-3A0768E84D60}.Release|Any CPU.ActiveCfg = Release|Any CPU
		{F4FD3B16-AC86-41E0-A905-3A0768E84D60}.Release|Any CPU.Build.0 = Release|Any CPU
		{F4FD3B16-AC86-41E0-A905-3A0768E84D60}.Release|ARM.ActiveCfg = Release|Any CPU
		{F4FD3B16-AC86-41E0-A905-3A0768E84D60}.Release|ARM.Build.0 = Release|Any CPU
		{F4FD3B16-AC86-41E0-A905-3A0768E84D60}.Release|ARM64.ActiveCfg = Release|Any CPU
		{F4FD3B16-AC86-41E0-A905-3A0768E84D60}.Release|ARM64.Build.0 = Release|Any CPU
		{F4FD3B16-AC86-41E0-A905-3A0768E84D60}.Release|x64.ActiveCfg = Release|Any CPU
		{F4FD3B16-AC86-41E0-A905-3A0768E84D60}.Release|x64.Build.0 = Release|Any CPU
		{F4FD3B16-AC86-41E0-A905-3A0768E84D60}.Release|x86.ActiveCfg = Release|Any CPU
		{F4FD3B16-AC86-41E0-A905-3A0768E84D60}.Release|x86.Build.0 = Release|Any CPU
		{F547A23B-6D1F-4CFA-865E-B1A246AEDCCE}.Debug|Any CPU.ActiveCfg = Debug|Any CPU
		{F547A23B-6D1F-4CFA-865E-B1A246AEDCCE}.Debug|Any CPU.Build.0 = Debug|Any CPU
		{F547A23B-6D1F-4CFA-865E-B1A246AEDCCE}.Debug|ARM.ActiveCfg = Debug|Any CPU
		{F547A23B-6D1F-4CFA-865E-B1A246AEDCCE}.Debug|ARM.Build.0 = Debug|Any CPU
		{F547A23B-6D1F-4CFA-865E-B1A246AEDCCE}.Debug|ARM64.ActiveCfg = Debug|Any CPU
		{F547A23B-6D1F-4CFA-865E-B1A246AEDCCE}.Debug|ARM64.Build.0 = Debug|Any CPU
		{F547A23B-6D1F-4CFA-865E-B1A246AEDCCE}.Debug|x64.ActiveCfg = Debug|Any CPU
		{F547A23B-6D1F-4CFA-865E-B1A246AEDCCE}.Debug|x64.Build.0 = Debug|Any CPU
		{F547A23B-6D1F-4CFA-865E-B1A246AEDCCE}.Debug|x86.ActiveCfg = Debug|Any CPU
		{F547A23B-6D1F-4CFA-865E-B1A246AEDCCE}.Debug|x86.Build.0 = Debug|Any CPU
		{F547A23B-6D1F-4CFA-865E-B1A246AEDCCE}.Release|Any CPU.ActiveCfg = Release|Any CPU
		{F547A23B-6D1F-4CFA-865E-B1A246AEDCCE}.Release|Any CPU.Build.0 = Release|Any CPU
		{F547A23B-6D1F-4CFA-865E-B1A246AEDCCE}.Release|ARM.ActiveCfg = Release|Any CPU
		{F547A23B-6D1F-4CFA-865E-B1A246AEDCCE}.Release|ARM.Build.0 = Release|Any CPU
		{F547A23B-6D1F-4CFA-865E-B1A246AEDCCE}.Release|ARM64.ActiveCfg = Release|Any CPU
		{F547A23B-6D1F-4CFA-865E-B1A246AEDCCE}.Release|ARM64.Build.0 = Release|Any CPU
		{F547A23B-6D1F-4CFA-865E-B1A246AEDCCE}.Release|x64.ActiveCfg = Release|Any CPU
		{F547A23B-6D1F-4CFA-865E-B1A246AEDCCE}.Release|x64.Build.0 = Release|Any CPU
		{F547A23B-6D1F-4CFA-865E-B1A246AEDCCE}.Release|x86.ActiveCfg = Release|Any CPU
		{F547A23B-6D1F-4CFA-865E-B1A246AEDCCE}.Release|x86.Build.0 = Release|Any CPU
		{57A4CC9E-2108-4AC5-9E92-BA6967A5D211}.Debug|Any CPU.ActiveCfg = Debug|Any CPU
		{57A4CC9E-2108-4AC5-9E92-BA6967A5D211}.Debug|Any CPU.Build.0 = Debug|Any CPU
		{57A4CC9E-2108-4AC5-9E92-BA6967A5D211}.Debug|ARM.ActiveCfg = Debug|Any CPU
		{57A4CC9E-2108-4AC5-9E92-BA6967A5D211}.Debug|ARM.Build.0 = Debug|Any CPU
		{57A4CC9E-2108-4AC5-9E92-BA6967A5D211}.Debug|ARM64.ActiveCfg = Debug|Any CPU
		{57A4CC9E-2108-4AC5-9E92-BA6967A5D211}.Debug|ARM64.Build.0 = Debug|Any CPU
		{57A4CC9E-2108-4AC5-9E92-BA6967A5D211}.Debug|x64.ActiveCfg = Debug|Any CPU
		{57A4CC9E-2108-4AC5-9E92-BA6967A5D211}.Debug|x64.Build.0 = Debug|Any CPU
		{57A4CC9E-2108-4AC5-9E92-BA6967A5D211}.Debug|x86.ActiveCfg = Debug|Any CPU
		{57A4CC9E-2108-4AC5-9E92-BA6967A5D211}.Debug|x86.Build.0 = Debug|Any CPU
		{57A4CC9E-2108-4AC5-9E92-BA6967A5D211}.Release|Any CPU.ActiveCfg = Release|Any CPU
		{57A4CC9E-2108-4AC5-9E92-BA6967A5D211}.Release|Any CPU.Build.0 = Release|Any CPU
		{57A4CC9E-2108-4AC5-9E92-BA6967A5D211}.Release|ARM.ActiveCfg = Release|Any CPU
		{57A4CC9E-2108-4AC5-9E92-BA6967A5D211}.Release|ARM.Build.0 = Release|Any CPU
		{57A4CC9E-2108-4AC5-9E92-BA6967A5D211}.Release|ARM64.ActiveCfg = Release|Any CPU
		{57A4CC9E-2108-4AC5-9E92-BA6967A5D211}.Release|ARM64.Build.0 = Release|Any CPU
		{57A4CC9E-2108-4AC5-9E92-BA6967A5D211}.Release|x64.ActiveCfg = Release|Any CPU
		{57A4CC9E-2108-4AC5-9E92-BA6967A5D211}.Release|x64.Build.0 = Release|Any CPU
		{57A4CC9E-2108-4AC5-9E92-BA6967A5D211}.Release|x86.ActiveCfg = Release|Any CPU
		{57A4CC9E-2108-4AC5-9E92-BA6967A5D211}.Release|x86.Build.0 = Release|Any CPU
		{045DF92B-2F93-4BB6-8569-FBF33399F5ED}.Debug|Any CPU.ActiveCfg = Debug|Any CPU
		{045DF92B-2F93-4BB6-8569-FBF33399F5ED}.Debug|Any CPU.Build.0 = Debug|Any CPU
		{045DF92B-2F93-4BB6-8569-FBF33399F5ED}.Debug|ARM.ActiveCfg = Debug|Any CPU
		{045DF92B-2F93-4BB6-8569-FBF33399F5ED}.Debug|ARM.Build.0 = Debug|Any CPU
		{045DF92B-2F93-4BB6-8569-FBF33399F5ED}.Debug|ARM64.ActiveCfg = Debug|Any CPU
		{045DF92B-2F93-4BB6-8569-FBF33399F5ED}.Debug|ARM64.Build.0 = Debug|Any CPU
		{045DF92B-2F93-4BB6-8569-FBF33399F5ED}.Debug|x64.ActiveCfg = Debug|Any CPU
		{045DF92B-2F93-4BB6-8569-FBF33399F5ED}.Debug|x64.Build.0 = Debug|Any CPU
		{045DF92B-2F93-4BB6-8569-FBF33399F5ED}.Debug|x86.ActiveCfg = Debug|Any CPU
		{045DF92B-2F93-4BB6-8569-FBF33399F5ED}.Debug|x86.Build.0 = Debug|Any CPU
		{045DF92B-2F93-4BB6-8569-FBF33399F5ED}.Release|Any CPU.ActiveCfg = Release|Any CPU
		{045DF92B-2F93-4BB6-8569-FBF33399F5ED}.Release|Any CPU.Build.0 = Release|Any CPU
		{045DF92B-2F93-4BB6-8569-FBF33399F5ED}.Release|ARM.ActiveCfg = Release|Any CPU
		{045DF92B-2F93-4BB6-8569-FBF33399F5ED}.Release|ARM.Build.0 = Release|Any CPU
		{045DF92B-2F93-4BB6-8569-FBF33399F5ED}.Release|ARM64.ActiveCfg = Release|Any CPU
		{045DF92B-2F93-4BB6-8569-FBF33399F5ED}.Release|ARM64.Build.0 = Release|Any CPU
		{045DF92B-2F93-4BB6-8569-FBF33399F5ED}.Release|x64.ActiveCfg = Release|Any CPU
		{045DF92B-2F93-4BB6-8569-FBF33399F5ED}.Release|x64.Build.0 = Release|Any CPU
		{045DF92B-2F93-4BB6-8569-FBF33399F5ED}.Release|x86.ActiveCfg = Release|Any CPU
		{045DF92B-2F93-4BB6-8569-FBF33399F5ED}.Release|x86.Build.0 = Release|Any CPU
	EndGlobalSection
	GlobalSection(SolutionProperties) = preSolution
		HideSolutionNode = FALSE
	EndGlobalSection
	GlobalSection(ExtensibilityGlobals) = postSolution
		SolutionGuid = {07FEA935-F326-454B-9C81-A13F205EC03D}
	EndGlobalSection
EndGlobal
